
Microsoft Visual Studio Solution File, Format Version 12.00
# Visual Studio Version 16
VisualStudioVersion = 16.0.28803.202
MinimumVisualStudioVersion = 10.0.40219.1
Project("{FAE04EC0-301F-11D3-BF4B-00C04F79EFBC}") = "EntitiyFrameworkApp", "EntitiyFrameworkApp\EntitiyFrameworkApp.csproj", "{232FF664-9736-4CDC-8449-53125AA2DB18}"
EndProject
Project("{FAE04EC0-301F-11D3-BF4B-00C04F79EFBC}") = "PhoneBook", "PhoneBook\PhoneBook.csproj", "{E85A34D6-D17A-4355-9600-5D8FAD6B31CA}"
EndProject
Project("{FAE04EC0-301F-11D3-BF4B-00C04F79EFBC}") = "EntitiyFrameworkSorgular", "EntitiyFrameworkSorgular\EntitiyFrameworkSorgular.csproj", "{57F2B6CB-693C-46DA-BDCB-69C9F8A45C18}"
EndProject
Project("{FAE04EC0-301F-11D3-BF4B-00C04F79EFBC}") = "EFConfigurations", "EFConfigurations\EFConfigurations.csproj", "{E8C13337-F82D-4623-A575-F3489695C13D}"
EndProject
Global
	GlobalSection(SolutionConfigurationPlatforms) = preSolution
		Debug|Any CPU = Debug|Any CPU
		Release|Any CPU = Release|Any CPU
	EndGlobalSection
	GlobalSection(ProjectConfigurationPlatforms) = postSolution
		{232FF664-9736-4CDC-8449-53125AA2DB18}.Debug|Any CPU.ActiveCfg = Debug|Any CPU
		{232FF664-9736-4CDC-8449-53125AA2DB18}.Debug|Any CPU.Build.0 = Debug|Any CPU
		{232FF664-9736-4CDC-8449-53125AA2DB18}.Release|Any CPU.ActiveCfg = Release|Any CPU
		{232FF664-9736-4CDC-8449-53125AA2DB18}.Release|Any CPU.Build.0 = Release|Any CPU
		{E85A34D6-D17A-4355-9600-5D8FAD6B31CA}.Debug|Any CPU.ActiveCfg = Debug|Any CPU
		{E85A34D6-D17A-4355-9600-5D8FAD6B31CA}.Debug|Any CPU.Build.0 = Debug|Any CPU
		{E85A34D6-D17A-4355-9600-5D8FAD6B31CA}.Release|Any CPU.ActiveCfg = Release|Any CPU
		{E85A34D6-D17A-4355-9600-5D8FAD6B31CA}.Release|Any CPU.Build.0 = Release|Any CPU
		{57F2B6CB-693C-46DA-BDCB-69C9F8A45C18}.Debug|Any CPU.ActiveCfg = Debug|Any CPU
		{57F2B6CB-693C-46DA-BDCB-69C9F8A45C18}.Debug|Any CPU.Build.0 = Debug|Any CPU
		{57F2B6CB-693C-46DA-BDCB-69C9F8A45C18}.Release|Any CPU.ActiveCfg = Release|Any CPU
		{57F2B6CB-693C-46DA-BDCB-69C9F8A45C18}.Release|Any CPU.Build.0 = Release|Any CPU
		{E8C13337-F82D-4623-A575-F3489695C13D}.Debug|Any CPU.ActiveCfg = Debug|Any CPU
		{E8C13337-F82D-4623-A575-F3489695C13D}.Debug|Any CPU.Build.0 = Debug|Any CPU
		{E8C13337-F82D-4623-A575-F3489695C13D}.Release|Any CPU.ActiveCfg = Release|Any CPU
		{E8C13337-F82D-4623-A575-F3489695C13D}.Release|Any CPU.Build.0 = Release|Any CPU
	EndGlobalSection
	GlobalSection(SolutionProperties) = preSolution
		HideSolutionNode = FALSE
	EndGlobalSection
	GlobalSection(ExtensibilityGlobals) = postSolution
		SolutionGuid = {B8ACC5AA-4A5C-48DA-87E8-3DC2158553E1}
	EndGlobalSection
EndGlobal
